// !$*UTF8*$!
{
	archiveVersion = 1;
	classes = {
	};
	objectVersion = 46;
	objects = {

/* Begin PBXBuildFile section */
		E838FC721EFE42C6007097E4 /* AppDelegate.swift in Sources */ = {isa = PBXBuildFile; fileRef = E838FC711EFE42C6007097E4 /* AppDelegate.swift */; };
		E838FC771EFE42C6007097E4 /* Main.storyboard in Resources */ = {isa = PBXBuildFile; fileRef = E838FC751EFE42C6007097E4 /* Main.storyboard */; };
		E838FC791EFE42C6007097E4 /* Assets.xcassets in Resources */ = {isa = PBXBuildFile; fileRef = E838FC781EFE42C6007097E4 /* Assets.xcassets */; };
		E838FC7C1EFE42C6007097E4 /* LaunchScreen.storyboard in Resources */ = {isa = PBXBuildFile; fileRef = E838FC7A1EFE42C6007097E4 /* LaunchScreen.storyboard */; };
		E838FC871EFE42C6007097E4 /* PhotofameTests.swift in Sources */ = {isa = PBXBuildFile; fileRef = E838FC861EFE42C6007097E4 /* PhotofameTests.swift */; };
		E838FC921EFE42C6007097E4 /* PhotofameUITests.swift in Sources */ = {isa = PBXBuildFile; fileRef = E838FC911EFE42C6007097E4 /* PhotofameUITests.swift */; };
		E838FCA41EFE46F0007097E4 /* Keys.swift in Sources */ = {isa = PBXBuildFile; fileRef = E838FCA31EFE46F0007097E4 /* Keys.swift */; };
		E838FCA61EFE50C2007097E4 /* Photos.xcassets in Resources */ = {isa = PBXBuildFile; fileRef = E838FCA51EFE50C2007097E4 /* Photos.xcassets */; };
		E838FCA81EFE50C8007097E4 /* Images.xcassets in Resources */ = {isa = PBXBuildFile; fileRef = E838FCA71EFE50C8007097E4 /* Images.xcassets */; };
		E838FCAA1EFE50EE007097E4 /* Photos.plist in Resources */ = {isa = PBXBuildFile; fileRef = E838FCA91EFE50EE007097E4 /* Photos.plist */; };
		E838FCB21EFE5124007097E4 /* AnnotatedPhotoCell.swift in Sources */ = {isa = PBXBuildFile; fileRef = E838FCAC1EFE5124007097E4 /* AnnotatedPhotoCell.swift */; };
		E838FCB31EFE5124007097E4 /* Photo.swift in Sources */ = {isa = PBXBuildFile; fileRef = E838FCAD1EFE5124007097E4 /* Photo.swift */; };
		E838FCB41EFE5124007097E4 /* PhotoStreamViewController.swift in Sources */ = {isa = PBXBuildFile; fileRef = E838FCAE1EFE5124007097E4 /* PhotoStreamViewController.swift */; };
		E838FCB51EFE5124007097E4 /* PinterestLayout.swift in Sources */ = {isa = PBXBuildFile; fileRef = E838FCAF1EFE5124007097E4 /* PinterestLayout.swift */; };
		E838FCB61EFE5124007097E4 /* RoundedCornersView.swift in Sources */ = {isa = PBXBuildFile; fileRef = E838FCB01EFE5124007097E4 /* RoundedCornersView.swift */; };
		E838FCB71EFE5124007097E4 /* UIImage+Decompression.swift in Sources */ = {isa = PBXBuildFile; fileRef = E838FCB11EFE5124007097E4 /* UIImage+Decompression.swift */; };
		E838FCBA1EFE6649007097E4 /* DashboardVC.swift in Sources */ = {isa = PBXBuildFile; fileRef = E838FCB91EFE6649007097E4 /* DashboardVC.swift */; };
		E838FCBE1EFE6805007097E4 /* EditorsVC.swift in Sources */ = {isa = PBXBuildFile; fileRef = E838FCBD1EFE6805007097E4 /* EditorsVC.swift */; };
		E838FCC21EFE889E007097E4 /* PhotoDetailsTVC.swift in Sources */ = {isa = PBXBuildFile; fileRef = E838FCC11EFE889E007097E4 /* PhotoDetailsTVC.swift */; };
		E838FCC41EFE902B007097E4 /* Temp.xcassets in Resources */ = {isa = PBXBuildFile; fileRef = E838FCC31EFE902B007097E4 /* Temp.xcassets */; };
		E838FCCA1EFE9503007097E4 /* Utilities.swift in Sources */ = {isa = PBXBuildFile; fileRef = E838FCC91EFE9503007097E4 /* Utilities.swift */; };
		E838FCCD1EFE9E0E007097E4 /* PhotoTableViewCell.swift in Sources */ = {isa = PBXBuildFile; fileRef = E838FCCC1EFE9E0E007097E4 /* PhotoTableViewCell.swift */; };
		E838FCCF1EFE9E1E007097E4 /* OptionsTableViewCell.swift in Sources */ = {isa = PBXBuildFile; fileRef = E838FCCE1EFE9E1E007097E4 /* OptionsTableViewCell.swift */; };
		E838FCD11EFE9E26007097E4 /* InfoTableViewCell.swift in Sources */ = {isa = PBXBuildFile; fileRef = E838FCD01EFE9E26007097E4 /* InfoTableViewCell.swift */; };
		E838FCD31EFE9E2E007097E4 /* TagsTableViewCell.swift in Sources */ = {isa = PBXBuildFile; fileRef = E838FCD21EFE9E2E007097E4 /* TagsTableViewCell.swift */; };
		E838FCDA1EFEA4E6007097E4 /* FlowLayout.swift in Sources */ = {isa = PBXBuildFile; fileRef = E838FCD61EFEA4E6007097E4 /* FlowLayout.swift */; };
		E838FCDB1EFEA4E6007097E4 /* Tag.swift in Sources */ = {isa = PBXBuildFile; fileRef = E838FCD71EFEA4E6007097E4 /* Tag.swift */; };
		E838FCDC1EFEA4E6007097E4 /* TagCell.swift in Sources */ = {isa = PBXBuildFile; fileRef = E838FCD81EFEA4E6007097E4 /* TagCell.swift */; };
		E838FCDD1EFEA4E6007097E4 /* TagCell.xib in Resources */ = {isa = PBXBuildFile; fileRef = E838FCD91EFEA4E6007097E4 /* TagCell.xib */; };
		E838FCE01EFECB2D007097E4 /* NetworkManager.swift in Sources */ = {isa = PBXBuildFile; fileRef = E838FCDF1EFECB2D007097E4 /* NetworkManager.swift */; };
		E838FCE21EFEE12A007097E4 /* LoadMore.xib in Resources */ = {isa = PBXBuildFile; fileRef = E838FCE11EFEE12A007097E4 /* LoadMore.xib */; };
		E838FCE41EFEF6FB007097E4 /* SharedCache.swift in Sources */ = {isa = PBXBuildFile; fileRef = E838FCE31EFEF6FB007097E4 /* SharedCache.swift */; };
		E838FCE61EFF0CA0007097E4 /* MediaDetails.swift in Sources */ = {isa = PBXBuildFile; fileRef = E838FCE51EFF0CA0007097E4 /* MediaDetails.swift */; };
		E838FCE91EFF1D4B007097E4 /* MenuVC.swift in Sources */ = {isa = PBXBuildFile; fileRef = E838FCE81EFF1D4B007097E4 /* MenuVC.swift */; };
		E838FCEB1EFF24C8007097E4 /* PhotographerVC.swift in Sources */ = {isa = PBXBuildFile; fileRef = E838FCEA1EFF24C8007097E4 /* PhotographerVC.swift */; };
		E838FCED1EFF2585007097E4 /* UploadsVC.swift in Sources */ = {isa = PBXBuildFile; fileRef = E838FCEC1EFF2585007097E4 /* UploadsVC.swift */; };
		E838FCEF1EFF2D1D007097E4 /* UploadPhotoCell.swift in Sources */ = {isa = PBXBuildFile; fileRef = E838FCEE1EFF2D1D007097E4 /* UploadPhotoCell.swift */; };
		E838FCF91EFF34D9007097E4 /* HTTPSecurity.swift in Sources */ = {isa = PBXBuildFile; fileRef = E838FCF21EFF34D9007097E4 /* HTTPSecurity.swift */; };
		E838FCFA1EFF34D9007097E4 /* Info.plist in Resources */ = {isa = PBXBuildFile; fileRef = E838FCF31EFF34D9007097E4 /* Info.plist */; };
		E838FCFB1EFF34D9007097E4 /* Operation.swift in Sources */ = {isa = PBXBuildFile; fileRef = E838FCF41EFF34D9007097E4 /* Operation.swift */; };
		E838FCFC1EFF34D9007097E4 /* Request.swift in Sources */ = {isa = PBXBuildFile; fileRef = E838FCF51EFF34D9007097E4 /* Request.swift */; };
		E838FCFD1EFF34D9007097E4 /* StatusCode.swift in Sources */ = {isa = PBXBuildFile; fileRef = E838FCF61EFF34D9007097E4 /* StatusCode.swift */; };
		E838FCFE1EFF34D9007097E4 /* Upload.swift in Sources */ = {isa = PBXBuildFile; fileRef = E838FCF81EFF34D9007097E4 /* Upload.swift */; };
		E838FD001EFF3E13007097E4 /* demo.jpg in Resources */ = {isa = PBXBuildFile; fileRef = E838FCFF1EFF3E13007097E4 /* demo.jpg */; };
/* End PBXBuildFile section */

/* Begin PBXContainerItemProxy section */
		E838FC831EFE42C6007097E4 /* PBXContainerItemProxy */ = {
			isa = PBXContainerItemProxy;
			containerPortal = E838FC661EFE42C5007097E4 /* Project object */;
			proxyType = 1;
			remoteGlobalIDString = E838FC6D1EFE42C5007097E4;
			remoteInfo = Photofame;
		};
		E838FC8E1EFE42C6007097E4 /* PBXContainerItemProxy */ = {
			isa = PBXContainerItemProxy;
			containerPortal = E838FC661EFE42C5007097E4 /* Project object */;
			proxyType = 1;
			remoteGlobalIDString = E838FC6D1EFE42C5007097E4;
			remoteInfo = Photofame;
		};
/* End PBXContainerItemProxy section */

/* Begin PBXFileReference section */
		E838FC6E1EFE42C5007097E4 /* Photofame.app */ = {isa = PBXFileReference; explicitFileType = wrapper.application; includeInIndex = 0; path = Photofame.app; sourceTree = BUILT_PRODUCTS_DIR; };
		E838FC711EFE42C6007097E4 /* AppDelegate.swift */ = {isa = PBXFileReference; lastKnownFileType = sourcecode.swift; path = AppDelegate.swift; sourceTree = "<group>"; };
		E838FC761EFE42C6007097E4 /* Base */ = {isa = PBXFileReference; lastKnownFileType = file.storyboard; name = Base; path = Base.lproj/Main.storyboard; sourceTree = "<group>"; };
		E838FC781EFE42C6007097E4 /* Assets.xcassets */ = {isa = PBXFileReference; lastKnownFileType = folder.assetcatalog; path = Assets.xcassets; sourceTree = "<group>"; };
		E838FC7B1EFE42C6007097E4 /* Base */ = {isa = PBXFileReference; lastKnownFileType = file.storyboard; name = Base; path = Base.lproj/LaunchScreen.storyboard; sourceTree = "<group>"; };
		E838FC7D1EFE42C6007097E4 /* Info.plist */ = {isa = PBXFileReference; lastKnownFileType = text.plist.xml; path = Info.plist; sourceTree = "<group>"; };
		E838FC821EFE42C6007097E4 /* PhotofameTests.xctest */ = {isa = PBXFileReference; explicitFileType = wrapper.cfbundle; includeInIndex = 0; path = PhotofameTests.xctest; sourceTree = BUILT_PRODUCTS_DIR; };
		E838FC861EFE42C6007097E4 /* PhotofameTests.swift */ = {isa = PBXFileReference; lastKnownFileType = sourcecode.swift; path = PhotofameTests.swift; sourceTree = "<group>"; };
		E838FC881EFE42C6007097E4 /* Info.plist */ = {isa = PBXFileReference; lastKnownFileType = text.plist.xml; path = Info.plist; sourceTree = "<group>"; };
		E838FC8D1EFE42C6007097E4 /* PhotofameUITests.xctest */ = {isa = PBXFileReference; explicitFileType = wrapper.cfbundle; includeInIndex = 0; path = PhotofameUITests.xctest; sourceTree = BUILT_PRODUCTS_DIR; };
		E838FC911EFE42C6007097E4 /* PhotofameUITests.swift */ = {isa = PBXFileReference; lastKnownFileType = sourcecode.swift; path = PhotofameUITests.swift; sourceTree = "<group>"; };
		E838FC931EFE42C6007097E4 /* Info.plist */ = {isa = PBXFileReference; lastKnownFileType = text.plist.xml; path = Info.plist; sourceTree = "<group>"; };
		E838FCA31EFE46F0007097E4 /* Keys.swift */ = {isa = PBXFileReference; fileEncoding = 4; lastKnownFileType = sourcecode.swift; path = Keys.swift; sourceTree = "<group>"; };
		E838FCA51EFE50C2007097E4 /* Photos.xcassets */ = {isa = PBXFileReference; lastKnownFileType = folder.assetcatalog; path = Photos.xcassets; sourceTree = "<group>"; };
		E838FCA71EFE50C8007097E4 /* Images.xcassets */ = {isa = PBXFileReference; lastKnownFileType = folder.assetcatalog; path = Images.xcassets; sourceTree = "<group>"; };
		E838FCA91EFE50EE007097E4 /* Photos.plist */ = {isa = PBXFileReference; fileEncoding = 4; lastKnownFileType = text.plist.xml; path = Photos.plist; sourceTree = "<group>"; };
		E838FCAC1EFE5124007097E4 /* AnnotatedPhotoCell.swift */ = {isa = PBXFileReference; fileEncoding = 4; lastKnownFileType = sourcecode.swift; path = AnnotatedPhotoCell.swift; sourceTree = "<group>"; };
		E838FCAD1EFE5124007097E4 /* Photo.swift */ = {isa = PBXFileReference; fileEncoding = 4; lastKnownFileType = sourcecode.swift; path = Photo.swift; sourceTree = "<group>"; };
		E838FCAE1EFE5124007097E4 /* PhotoStreamViewController.swift */ = {isa = PBXFileReference; fileEncoding = 4; lastKnownFileType = sourcecode.swift; path = PhotoStreamViewController.swift; sourceTree = "<group>"; };
		E838FCAF1EFE5124007097E4 /* PinterestLayout.swift */ = {isa = PBXFileReference; fileEncoding = 4; lastKnownFileType = sourcecode.swift; path = PinterestLayout.swift; sourceTree = "<group>"; };
		E838FCB01EFE5124007097E4 /* RoundedCornersView.swift */ = {isa = PBXFileReference; fileEncoding = 4; lastKnownFileType = sourcecode.swift; path = RoundedCornersView.swift; sourceTree = "<group>"; };
		E838FCB11EFE5124007097E4 /* UIImage+Decompression.swift */ = {isa = PBXFileReference; fileEncoding = 4; lastKnownFileType = sourcecode.swift; path = "UIImage+Decompression.swift"; sourceTree = "<group>"; };
		E838FCB91EFE6649007097E4 /* DashboardVC.swift */ = {isa = PBXFileReference; fileEncoding = 4; lastKnownFileType = sourcecode.swift; path = DashboardVC.swift; sourceTree = "<group>"; };
		E838FCBD1EFE6805007097E4 /* EditorsVC.swift */ = {isa = PBXFileReference; fileEncoding = 4; lastKnownFileType = sourcecode.swift; path = EditorsVC.swift; sourceTree = "<group>"; };
		E838FCC11EFE889E007097E4 /* PhotoDetailsTVC.swift */ = {isa = PBXFileReference; fileEncoding = 4; lastKnownFileType = sourcecode.swift; path = PhotoDetailsTVC.swift; sourceTree = "<group>"; };
		E838FCC31EFE902B007097E4 /* Temp.xcassets */ = {isa = PBXFileReference; lastKnownFileType = folder.assetcatalog; path = Temp.xcassets; sourceTree = "<group>"; };
		E838FCC91EFE9503007097E4 /* Utilities.swift */ = {isa = PBXFileReference; fileEncoding = 4; lastKnownFileType = sourcecode.swift; path = Utilities.swift; sourceTree = "<group>"; };
		E838FCCC1EFE9E0E007097E4 /* PhotoTableViewCell.swift */ = {isa = PBXFileReference; fileEncoding = 4; lastKnownFileType = sourcecode.swift; path = PhotoTableViewCell.swift; sourceTree = "<group>"; };
		E838FCCE1EFE9E1E007097E4 /* OptionsTableViewCell.swift */ = {isa = PBXFileReference; fileEncoding = 4; lastKnownFileType = sourcecode.swift; path = OptionsTableViewCell.swift; sourceTree = "<group>"; };
		E838FCD01EFE9E26007097E4 /* InfoTableViewCell.swift */ = {isa = PBXFileReference; fileEncoding = 4; lastKnownFileType = sourcecode.swift; path = InfoTableViewCell.swift; sourceTree = "<group>"; };
		E838FCD21EFE9E2E007097E4 /* TagsTableViewCell.swift */ = {isa = PBXFileReference; fileEncoding = 4; lastKnownFileType = sourcecode.swift; path = TagsTableViewCell.swift; sourceTree = "<group>"; };
		E838FCD61EFEA4E6007097E4 /* FlowLayout.swift */ = {isa = PBXFileReference; fileEncoding = 4; lastKnownFileType = sourcecode.swift; path = FlowLayout.swift; sourceTree = "<group>"; };
		E838FCD71EFEA4E6007097E4 /* Tag.swift */ = {isa = PBXFileReference; fileEncoding = 4; lastKnownFileType = sourcecode.swift; path = Tag.swift; sourceTree = "<group>"; };
		E838FCD81EFEA4E6007097E4 /* TagCell.swift */ = {isa = PBXFileReference; fileEncoding = 4; lastKnownFileType = sourcecode.swift; path = TagCell.swift; sourceTree = "<group>"; };
		E838FCD91EFEA4E6007097E4 /* TagCell.xib */ = {isa = PBXFileReference; fileEncoding = 4; lastKnownFileType = file.xib; path = TagCell.xib; sourceTree = "<group>"; };
		E838FCDF1EFECB2D007097E4 /* NetworkManager.swift */ = {isa = PBXFileReference; fileEncoding = 4; lastKnownFileType = sourcecode.swift; path = NetworkManager.swift; sourceTree = "<group>"; };
		E838FCE11EFEE12A007097E4 /* LoadMore.xib */ = {isa = PBXFileReference; fileEncoding = 4; lastKnownFileType = file.xib; path = LoadMore.xib; sourceTree = "<group>"; };
		E838FCE31EFEF6FB007097E4 /* SharedCache.swift */ = {isa = PBXFileReference; fileEncoding = 4; lastKnownFileType = sourcecode.swift; path = SharedCache.swift; sourceTree = "<group>"; };
		E838FCE51EFF0CA0007097E4 /* MediaDetails.swift */ = {isa = PBXFileReference; fileEncoding = 4; lastKnownFileType = sourcecode.swift; path = MediaDetails.swift; sourceTree = "<group>"; };
		E838FCE81EFF1D4B007097E4 /* MenuVC.swift */ = {isa = PBXFileReference; fileEncoding = 4; lastKnownFileType = sourcecode.swift; path = MenuVC.swift; sourceTree = "<group>"; };
		E838FCEA1EFF24C8007097E4 /* PhotographerVC.swift */ = {isa = PBXFileReference; fileEncoding = 4; lastKnownFileType = sourcecode.swift; path = PhotographerVC.swift; sourceTree = "<group>"; };
		E838FCEC1EFF2585007097E4 /* UploadsVC.swift */ = {isa = PBXFileReference; fileEncoding = 4; lastKnownFileType = sourcecode.swift; path = UploadsVC.swift; sourceTree = "<group>"; };
		E838FCEE1EFF2D1D007097E4 /* UploadPhotoCell.swift */ = {isa = PBXFileReference; fileEncoding = 4; lastKnownFileType = sourcecode.swift; path = UploadPhotoCell.swift; sourceTree = "<group>"; };
		E838FCF21EFF34D9007097E4 /* HTTPSecurity.swift */ = {isa = PBXFileReference; fileEncoding = 4; lastKnownFileType = sourcecode.swift; path = HTTPSecurity.swift; sourceTree = "<group>"; };
		E838FCF31EFF34D9007097E4 /* Info.plist */ = {isa = PBXFileReference; fileEncoding = 4; lastKnownFileType = text.plist.xml; path = Info.plist; sourceTree = "<group>"; };
		E838FCF41EFF34D9007097E4 /* Operation.swift */ = {isa = PBXFileReference; fileEncoding = 4; lastKnownFileType = sourcecode.swift; path = Operation.swift; sourceTree = "<group>"; };
		E838FCF51EFF34D9007097E4 /* Request.swift */ = {isa = PBXFileReference; fileEncoding = 4; lastKnownFileType = sourcecode.swift; path = Request.swift; sourceTree = "<group>"; };
		E838FCF61EFF34D9007097E4 /* StatusCode.swift */ = {isa = PBXFileReference; fileEncoding = 4; lastKnownFileType = sourcecode.swift; path = StatusCode.swift; sourceTree = "<group>"; };
		E838FCF71EFF34D9007097E4 /* SwiftHTTP.h */ = {isa = PBXFileReference; fileEncoding = 4; lastKnownFileType = sourcecode.c.h; path = SwiftHTTP.h; sourceTree = "<group>"; };
		E838FCF81EFF34D9007097E4 /* Upload.swift */ = {isa = PBXFileReference; fileEncoding = 4; lastKnownFileType = sourcecode.swift; path = Upload.swift; sourceTree = "<group>"; };
		E838FCFF1EFF3E13007097E4 /* demo.jpg */ = {isa = PBXFileReference; lastKnownFileType = image.jpeg; path = demo.jpg; sourceTree = "<group>"; };
/* End PBXFileReference section */

/* Begin PBXFrameworksBuildPhase section */
		E838FC6B1EFE42C5007097E4 /* Frameworks */ = {
			isa = PBXFrameworksBuildPhase;
			buildActionMask = 2147483647;
			files = (
			);
			runOnlyForDeploymentPostprocessing = 0;
		};
		E838FC7F1EFE42C6007097E4 /* Frameworks */ = {
			isa = PBXFrameworksBuildPhase;
			buildActionMask = 2147483647;
			files = (
			);
			runOnlyForDeploymentPostprocessing = 0;
		};
		E838FC8A1EFE42C6007097E4 /* Frameworks */ = {
			isa = PBXFrameworksBuildPhase;
			buildActionMask = 2147483647;
			files = (
			);
			runOnlyForDeploymentPostprocessing = 0;
		};
/* End PBXFrameworksBuildPhase section */

/* Begin PBXGroup section */
		E838FC651EFE42C5007097E4 = {
			isa = PBXGroup;
			children = (
				E838FC701EFE42C5007097E4 /* Photofame */,
				E838FC851EFE42C6007097E4 /* PhotofameTests */,
				E838FC901EFE42C6007097E4 /* PhotofameUITests */,
				E838FC6F1EFE42C5007097E4 /* Products */,
			);
			sourceTree = "<group>";
		};
		E838FC6F1EFE42C5007097E4 /* Products */ = {
			isa = PBXGroup;
			children = (
				E838FC6E1EFE42C5007097E4 /* Photofame.app */,
				E838FC821EFE42C6007097E4 /* PhotofameTests.xctest */,
				E838FC8D1EFE42C6007097E4 /* PhotofameUITests.xctest */,
			);
			name = Products;
			sourceTree = "<group>";
		};
		E838FC701EFE42C5007097E4 /* Photofame */ = {
			isa = PBXGroup;
			children = (
				E838FC711EFE42C6007097E4 /* AppDelegate.swift */,
				E838FCE71EFF1D01007097E4 /* AppHelpers */,
				E838FCDE1EFEC7AB007097E4 /* NetworkManager */,
				E838FCC61EFE9277007097E4 /* Models */,
				E838FCC51EFE9259007097E4 /* Controllers */,
				E838FCAB1EFE50F7007097E4 /* Assets */,
				E838FC751EFE42C6007097E4 /* Main.storyboard */,
				E838FC781EFE42C6007097E4 /* Assets.xcassets */,
				E838FC7A1EFE42C6007097E4 /* LaunchScreen.storyboard */,
				E838FC7D1EFE42C6007097E4 /* Info.plist */,
			);
			path = Photofame;
			sourceTree = "<group>";
		};
		E838FC851EFE42C6007097E4 /* PhotofameTests */ = {
			isa = PBXGroup;
			children = (
				E838FC861EFE42C6007097E4 /* PhotofameTests.swift */,
				E838FC881EFE42C6007097E4 /* Info.plist */,
			);
			path = PhotofameTests;
			sourceTree = "<group>";
		};
		E838FC901EFE42C6007097E4 /* PhotofameUITests */ = {
			isa = PBXGroup;
			children = (
				E838FC911EFE42C6007097E4 /* PhotofameUITests.swift */,
				E838FC931EFE42C6007097E4 /* Info.plist */,
			);
			path = PhotofameUITests;
			sourceTree = "<group>";
		};
		E838FCAB1EFE50F7007097E4 /* Assets */ = {
			isa = PBXGroup;
			children = (
				E838FCA51EFE50C2007097E4 /* Photos.xcassets */,
				E838FCA71EFE50C8007097E4 /* Images.xcassets */,
				E838FCC31EFE902B007097E4 /* Temp.xcassets */,
				E838FCA91EFE50EE007097E4 /* Photos.plist */,
			);
			name = Assets;
			sourceTree = "<group>";
		};
		E838FCB81EFE5130007097E4 /* StaggeredView */ = {
			isa = PBXGroup;
			children = (
				E838FCAC1EFE5124007097E4 /* AnnotatedPhotoCell.swift */,
				E838FCE11EFEE12A007097E4 /* LoadMore.xib */,
				E838FCAD1EFE5124007097E4 /* Photo.swift */,
				E838FCAE1EFE5124007097E4 /* PhotoStreamViewController.swift */,
				E838FCAF1EFE5124007097E4 /* PinterestLayout.swift */,
				E838FCB01EFE5124007097E4 /* RoundedCornersView.swift */,
				E838FCB11EFE5124007097E4 /* UIImage+Decompression.swift */,
			);
			name = StaggeredView;
			sourceTree = "<group>";
		};
		E838FCC51EFE9259007097E4 /* Controllers */ = {
			isa = PBXGroup;
			children = (
				E838FCB91EFE6649007097E4 /* DashboardVC.swift */,
				E838FCBD1EFE6805007097E4 /* EditorsVC.swift */,
				E838FCE81EFF1D4B007097E4 /* MenuVC.swift */,
				E838FCEA1EFF24C8007097E4 /* PhotographerVC.swift */,
				E838FCEC1EFF2585007097E4 /* UploadsVC.swift */,
				E838FCFF1EFF3E13007097E4 /* demo.jpg */,
				E838FCEE1EFF2D1D007097E4 /* UploadPhotoCell.swift */,
				E838FCD41EFEA4A5007097E4 /* PhotoDetails */,
				E838FCB81EFE5130007097E4 /* StaggeredView */,
			);
			name = Controllers;
			sourceTree = "<group>";
		};
		E838FCC61EFE9277007097E4 /* Models */ = {
			isa = PBXGroup;
			children = (
				E838FCE51EFF0CA0007097E4 /* MediaDetails.swift */,
			);
			name = Models;
			sourceTree = "<group>";
		};
		E838FCCB1EFE9DF6007097E4 /* Cells */ = {
			isa = PBXGroup;
			children = (
				E838FCCC1EFE9E0E007097E4 /* PhotoTableViewCell.swift */,
				E838FCCE1EFE9E1E007097E4 /* OptionsTableViewCell.swift */,
				E838FCD01EFE9E26007097E4 /* InfoTableViewCell.swift */,
				E838FCD21EFE9E2E007097E4 /* TagsTableViewCell.swift */,
			);
			name = Cells;
			sourceTree = "<group>";
		};
		E838FCD41EFEA4A5007097E4 /* PhotoDetails */ = {
			isa = PBXGroup;
			children = (
				E838FCC11EFE889E007097E4 /* PhotoDetailsTVC.swift */,
				E838FCD51EFEA4BA007097E4 /* tags */,
				E838FCCB1EFE9DF6007097E4 /* Cells */,
			);
			name = PhotoDetails;
			sourceTree = "<group>";
		};
		E838FCD51EFEA4BA007097E4 /* tags */ = {
			isa = PBXGroup;
			children = (
				E838FCD61EFEA4E6007097E4 /* FlowLayout.swift */,
				E838FCD71EFEA4E6007097E4 /* Tag.swift */,
				E838FCD81EFEA4E6007097E4 /* TagCell.swift */,
				E838FCD91EFEA4E6007097E4 /* TagCell.xib */,
			);
			name = tags;
			sourceTree = "<group>";
		};
		E838FCDE1EFEC7AB007097E4 /* NetworkManager */ = {
			isa = PBXGroup;
			children = (
				E838FCDF1EFECB2D007097E4 /* NetworkManager.swift */,
			);
			name = NetworkManager;
			sourceTree = "<group>";
		};
		E838FCE71EFF1D01007097E4 /* AppHelpers */ = {
			isa = PBXGroup;
			children = (
				E838FCA31EFE46F0007097E4 /* Keys.swift */,
				E838FCC91EFE9503007097E4 /* Utilities.swift */,
				E838FCF11EFF34D9007097E4 /* SwiftHTTP */,
				E838FCE31EFEF6FB007097E4 /* SharedCache.swift */,
			);
			name = AppHelpers;
			sourceTree = "<group>";
		};
		E838FCF11EFF34D9007097E4 /* SwiftHTTP */ = {
			isa = PBXGroup;
			children = (
				E838FCF21EFF34D9007097E4 /* HTTPSecurity.swift */,
				E838FCF31EFF34D9007097E4 /* Info.plist */,
				E838FCF41EFF34D9007097E4 /* Operation.swift */,
				E838FCF51EFF34D9007097E4 /* Request.swift */,
				E838FCF61EFF34D9007097E4 /* StatusCode.swift */,
				E838FCF71EFF34D9007097E4 /* SwiftHTTP.h */,
				E838FCF81EFF34D9007097E4 /* Upload.swift */,
			);
			name = SwiftHTTP;
			path = Source;
			sourceTree = "<group>";
		};
/* End PBXGroup section */

/* Begin PBXNativeTarget section */
		E838FC6D1EFE42C5007097E4 /* Photofame */ = {
			isa = PBXNativeTarget;
			buildConfigurationList = E838FC961EFE42C6007097E4 /* Build configuration list for PBXNativeTarget "Photofame" */;
			buildPhases = (
				E838FC6A1EFE42C5007097E4 /* Sources */,
				E838FC6B1EFE42C5007097E4 /* Frameworks */,
				E838FC6C1EFE42C5007097E4 /* Resources */,
			);
			buildRules = (
			);
			dependencies = (
			);
			name = Photofame;
			productName = Photofame;
			productReference = E838FC6E1EFE42C5007097E4 /* Photofame.app */;
			productType = "com.apple.product-type.application";
		};
		E838FC811EFE42C6007097E4 /* PhotofameTests */ = {
			isa = PBXNativeTarget;
			buildConfigurationList = E838FC991EFE42C6007097E4 /* Build configuration list for PBXNativeTarget "PhotofameTests" */;
			buildPhases = (
				E838FC7E1EFE42C6007097E4 /* Sources */,
				E838FC7F1EFE42C6007097E4 /* Frameworks */,
				E838FC801EFE42C6007097E4 /* Resources */,
			);
			buildRules = (
			);
			dependencies = (
				E838FC841EFE42C6007097E4 /* PBXTargetDependency */,
			);
			name = PhotofameTests;
			productName = PhotofameTests;
			productReference = E838FC821EFE42C6007097E4 /* PhotofameTests.xctest */;
			productType = "com.apple.product-type.bundle.unit-test";
		};
		E838FC8C1EFE42C6007097E4 /* PhotofameUITests */ = {
			isa = PBXNativeTarget;
			buildConfigurationList = E838FC9C1EFE42C6007097E4 /* Build configuration list for PBXNativeTarget "PhotofameUITests" */;
			buildPhases = (
				E838FC891EFE42C6007097E4 /* Sources */,
				E838FC8A1EFE42C6007097E4 /* Frameworks */,
				E838FC8B1EFE42C6007097E4 /* Resources */,
			);
			buildRules = (
			);
			dependencies = (
				E838FC8F1EFE42C6007097E4 /* PBXTargetDependency */,
			);
			name = PhotofameUITests;
			productName = PhotofameUITests;
			productReference = E838FC8D1EFE42C6007097E4 /* PhotofameUITests.xctest */;
			productType = "com.apple.product-type.bundle.ui-testing";
		};
/* End PBXNativeTarget section */

/* Begin PBXProject section */
		E838FC661EFE42C5007097E4 /* Project object */ = {
			isa = PBXProject;
			attributes = {
				LastSwiftUpdateCheck = 0830;
				LastUpgradeCheck = 0830;
				ORGANIZATIONNAME = Appit;
				TargetAttributes = {
					E838FC6D1EFE42C5007097E4 = {
						CreatedOnToolsVersion = 8.3.3;
						DevelopmentTeam = 9P84J3MM66;
						ProvisioningStyle = Automatic;
					};
					E838FC811EFE42C6007097E4 = {
						CreatedOnToolsVersion = 8.3.3;
						DevelopmentTeam = 9P84J3MM66;
						ProvisioningStyle = Automatic;
						TestTargetID = E838FC6D1EFE42C5007097E4;
					};
					E838FC8C1EFE42C6007097E4 = {
						CreatedOnToolsVersion = 8.3.3;
						DevelopmentTeam = 9P84J3MM66;
						ProvisioningStyle = Automatic;
						TestTargetID = E838FC6D1EFE42C5007097E4;
					};
				};
			};
			buildConfigurationList = E838FC691EFE42C5007097E4 /* Build configuration list for PBXProject "Photofame" */;
			compatibilityVersion = "Xcode 3.2";
			developmentRegion = English;
			hasScannedForEncodings = 0;
			knownRegions = (
				en,
				Base,
			);
			mainGroup = E838FC651EFE42C5007097E4;
			productRefGroup = E838FC6F1EFE42C5007097E4 /* Products */;
			projectDirPath = "";
			projectRoot = "";
			targets = (
				E838FC6D1EFE42C5007097E4 /* Photofame */,
				E838FC811EFE42C6007097E4 /* PhotofameTests */,
				E838FC8C1EFE42C6007097E4 /* PhotofameUITests */,
			);
		};
/* End PBXProject section */

/* Begin PBXResourcesBuildPhase section */
		E838FC6C1EFE42C5007097E4 /* Resources */ = {
			isa = PBXResourcesBuildPhase;
			buildActionMask = 2147483647;
			files = (
				E838FCDD1EFEA4E6007097E4 /* TagCell.xib in Resources */,
				E838FCC41EFE902B007097E4 /* Temp.xcassets in Resources */,
				E838FCA61EFE50C2007097E4 /* Photos.xcassets in Resources */,
				E838FCA81EFE50C8007097E4 /* Images.xcassets in Resources */,
				E838FCE21EFEE12A007097E4 /* LoadMore.xib in Resources */,
				E838FC7C1EFE42C6007097E4 /* LaunchScreen.storyboard in Resources */,
				E838FC791EFE42C6007097E4 /* Assets.xcassets in Resources */,
				E838FC771EFE42C6007097E4 /* Main.storyboard in Resources */,
				E838FCFA1EFF34D9007097E4 /* Info.plist in Resources */,
				E838FD001EFF3E13007097E4 /* demo.jpg in Resources */,
				E838FCAA1EFE50EE007097E4 /* Photos.plist in Resources */,
			);
			runOnlyForDeploymentPostprocessing = 0;
		};
		E838FC801EFE42C6007097E4 /* Resources */ = {
			isa = PBXResourcesBuildPhase;
			buildActionMask = 2147483647;
			files = (
			);
			runOnlyForDeploymentPostprocessing = 0;
		};
		E838FC8B1EFE42C6007097E4 /* Resources */ = {
			isa = PBXResourcesBuildPhase;
			buildActionMask = 2147483647;
			files = (
			);
			runOnlyForDeploymentPostprocessing = 0;
		};
/* End PBXResourcesBuildPhase section */

/* Begin PBXSourcesBuildPhase section */
		E838FC6A1EFE42C5007097E4 /* Sources */ = {
			isa = PBXSourcesBuildPhase;
			buildActionMask = 2147483647;
			files = (
				E838FCBA1EFE6649007097E4 /* DashboardVC.swift in Sources */,
				E838FCEF1EFF2D1D007097E4 /* UploadPhotoCell.swift in Sources */,
				E838FCA41EFE46F0007097E4 /* Keys.swift in Sources */,
				E838FC721EFE42C6007097E4 /* AppDelegate.swift in Sources */,
				E838FCF91EFF34D9007097E4 /* HTTPSecurity.swift in Sources */,
				E838FCDC1EFEA4E6007097E4 /* TagCell.swift in Sources */,
				E838FCFC1EFF34D9007097E4 /* Request.swift in Sources */,
				E838FCB61EFE5124007097E4 /* RoundedCornersView.swift in Sources */,
				E838FCD31EFE9E2E007097E4 /* TagsTableViewCell.swift in Sources */,
				E838FCCF1EFE9E1E007097E4 /* OptionsTableViewCell.swift in Sources */,
				E838FCDB1EFEA4E6007097E4 /* Tag.swift in Sources */,
				E838FCB71EFE5124007097E4 /* UIImage+Decompression.swift in Sources */,
				E838FCD11EFE9E26007097E4 /* InfoTableViewCell.swift in Sources */,
				E838FCE41EFEF6FB007097E4 /* SharedCache.swift in Sources */,
				E838FCFE1EFF34D9007097E4 /* Upload.swift in Sources */,
				E838FCC21EFE889E007097E4 /* PhotoDetailsTVC.swift in Sources */,
				E838FCDA1EFEA4E6007097E4 /* FlowLayout.swift in Sources */,
				E838FCFB1EFF34D9007097E4 /* Operation.swift in Sources */,
				E838FCE01EFECB2D007097E4 /* NetworkManager.swift in Sources */,
				E838FCE91EFF1D4B007097E4 /* MenuVC.swift in Sources */,
				E838FCCA1EFE9503007097E4 /* Utilities.swift in Sources */,
				E838FCE61EFF0CA0007097E4 /* MediaDetails.swift in Sources */,
				E838FCB51EFE5124007097E4 /* PinterestLayout.swift in Sources */,
				E838FCB41EFE5124007097E4 /* PhotoStreamViewController.swift in Sources */,
				E838FCED1EFF2585007097E4 /* UploadsVC.swift in Sources */,
				E838FCEB1EFF24C8007097E4 /* PhotographerVC.swift in Sources */,
				E838FCB21EFE5124007097E4 /* AnnotatedPhotoCell.swift in Sources */,
				E838FCFD1EFF34D9007097E4 /* StatusCode.swift in Sources */,
				E838FCCD1EFE9E0E007097E4 /* PhotoTableViewCell.swift in Sources */,
				E838FCB31EFE5124007097E4 /* Photo.swift in Sources */,
				E838FCBE1EFE6805007097E4 /* EditorsVC.swift in Sources */,
			);
			runOnlyForDeploymentPostprocessing = 0;
		};
		E838FC7E1EFE42C6007097E4 /* Sources */ = {
			isa = PBXSourcesBuildPhase;
			buildActionMask = 2147483647;
			files = (
				E838FC871EFE42C6007097E4 /* PhotofameTests.swift in Sources */,
			);
			runOnlyForDeploymentPostprocessing = 0;
		};
		E838FC891EFE42C6007097E4 /* Sources */ = {
			isa = PBXSourcesBuildPhase;
			buildActionMask = 2147483647;
			files = (
				E838FC921EFE42C6007097E4 /* PhotofameUITests.swift in Sources */,
			);
			runOnlyForDeploymentPostprocessing = 0;
		};
/* End PBXSourcesBuildPhase section */

/* Begin PBXTargetDependency section */
		E838FC841EFE42C6007097E4 /* PBXTargetDependency */ = {
			isa = PBXTargetDependency;
			target = E838FC6D1EFE42C5007097E4 /* Photofame */;
			targetProxy = E838FC831EFE42C6007097E4 /* PBXContainerItemProxy */;
		};
		E838FC8F1EFE42C6007097E4 /* PBXTargetDependency */ = {
			isa = PBXTargetDependency;
			target = E838FC6D1EFE42C5007097E4 /* Photofame */;
			targetProxy = E838FC8E1EFE42C6007097E4 /* PBXContainerItemProxy */;
		};
/* End PBXTargetDependency section */

/* Begin PBXVariantGroup section */
		E838FC751EFE42C6007097E4 /* Main.storyboard */ = {
			isa = PBXVariantGroup;
			children = (
				E838FC761EFE42C6007097E4 /* Base */,
			);
			name = Main.storyboard;
			sourceTree = "<group>";
		};
		E838FC7A1EFE42C6007097E4 /* LaunchScreen.storyboard */ = {
			isa = PBXVariantGroup;
			children = (
				E838FC7B1EFE42C6007097E4 /* Base */,
			);
			name = LaunchScreen.storyboard;
			sourceTree = "<group>";
		};
/* End PBXVariantGroup section */

/* Begin XCBuildConfiguration section */
		E838FC941EFE42C6007097E4 /* Debug */ = {
			isa = XCBuildConfiguration;
			buildSettings = {
				ALWAYS_SEARCH_USER_PATHS = NO;
				CLANG_ANALYZER_NONNULL = YES;
				CLANG_ANALYZER_NUMBER_OBJECT_CONVERSION = YES_AGGRESSIVE;
				CLANG_CXX_LANGUAGE_STANDARD = "gnu++0x";
				CLANG_CXX_LIBRARY = "libc++";
				CLANG_ENABLE_MODULES = YES;
				CLANG_ENABLE_OBJC_ARC = YES;
				CLANG_WARN_BOOL_CONVERSION = YES;
				CLANG_WARN_CONSTANT_CONVERSION = YES;
				CLANG_WARN_DIRECT_OBJC_ISA_USAGE = YES_ERROR;
				CLANG_WARN_DOCUMENTATION_COMMENTS = YES;
				CLANG_WARN_EMPTY_BODY = YES;
				CLANG_WARN_ENUM_CONVERSION = YES;
				CLANG_WARN_INFINITE_RECURSION = YES;
				CLANG_WARN_INT_CONVERSION = YES;
				CLANG_WARN_OBJC_ROOT_CLASS = YES_ERROR;
				CLANG_WARN_SUSPICIOUS_MOVE = YES;
				CLANG_WARN_UNREACHABLE_CODE = YES;
				CLANG_WARN__DUPLICATE_METHOD_MATCH = YES;
				"CODE_SIGN_IDENTITY[sdk=iphoneos*]" = "iPhone Developer";
				COPY_PHASE_STRIP = NO;
				DEBUG_INFORMATION_FORMAT = dwarf;
				ENABLE_STRICT_OBJC_MSGSEND = YES;
				ENABLE_TESTABILITY = YES;
				GCC_C_LANGUAGE_STANDARD = gnu99;
				GCC_DYNAMIC_NO_PIC = NO;
				GCC_NO_COMMON_BLOCKS = YES;
				GCC_OPTIMIZATION_LEVEL = 0;
				GCC_PREPROCESSOR_DEFINITIONS = (
					"DEBUG=1",
					"$(inherited)",
				);
				GCC_WARN_64_TO_32_BIT_CONVERSION = YES;
				GCC_WARN_ABOUT_RETURN_TYPE = YES_ERROR;
				GCC_WARN_UNDECLARED_SELECTOR = YES;
				GCC_WARN_UNINITIALIZED_AUTOS = YES_AGGRESSIVE;
				GCC_WARN_UNUSED_FUNCTION = YES;
				GCC_WARN_UNUSED_VARIABLE = YES;
				IPHONEOS_DEPLOYMENT_TARGET = 10.3;
				MTL_ENABLE_DEBUG_INFO = YES;
				ONLY_ACTIVE_ARCH = YES;
				SDKROOT = iphoneos;
				SWIFT_ACTIVE_COMPILATION_CONDITIONS = DEBUG;
				SWIFT_OPTIMIZATION_LEVEL = "-Onone";
				TARGETED_DEVICE_FAMILY = "1,2";
			};
			name = Debug;
		};
		E838FC951EFE42C6007097E4 /* Release */ = {
			isa = XCBuildConfiguration;
			buildSettings = {
				ALWAYS_SEARCH_USER_PATHS = NO;
				CLANG_ANALYZER_NONNULL = YES;
				CLANG_ANALYZER_NUMBER_OBJECT_CONVERSION = YES_AGGRESSIVE;
				CLANG_CXX_LANGUAGE_STANDARD = "gnu++0x";
				CLANG_CXX_LIBRARY = "libc++";
				CLANG_ENABLE_MODULES = YES;
				CLANG_ENABLE_OBJC_ARC = YES;
				CLANG_WARN_BOOL_CONVERSION = YES;
				CLANG_WARN_CONSTANT_CONVERSION = YES;
				CLANG_WARN_DIRECT_OBJC_ISA_USAGE = YES_ERROR;
				CLANG_WARN_DOCUMENTATION_COMMENTS = YES;
				CLANG_WARN_EMPTY_BODY = YES;
				CLANG_WARN_ENUM_CONVERSION = YES;
				CLANG_WARN_INFINITE_RECURSION = YES;
				CLANG_WARN_INT_CONVERSION = YES;
				CLANG_WARN_OBJC_ROOT_CLASS = YES_ERROR;
				CLANG_WARN_SUSPICIOUS_MOVE = YES;
				CLANG_WARN_UNREACHABLE_CODE = YES;
				CLANG_WARN__DUPLICATE_METHOD_MATCH = YES;
				"CODE_SIGN_IDENTITY[sdk=iphoneos*]" = "iPhone Developer";
				COPY_PHASE_STRIP = NO;
				DEBUG_INFORMATION_FORMAT = "dwarf-with-dsym";
				ENABLE_NS_ASSERTIONS = NO;
				ENABLE_STRICT_OBJC_MSGSEND = YES;
				GCC_C_LANGUAGE_STANDARD = gnu99;
				GCC_NO_COMMON_BLOCKS = YES;
				GCC_WARN_64_TO_32_BIT_CONVERSION = YES;
				GCC_WARN_ABOUT_RETURN_TYPE = YES_ERROR;
				GCC_WARN_UNDECLARED_SELECTOR = YES;
				GCC_WARN_UNINITIALIZED_AUTOS = YES_AGGRESSIVE;
				GCC_WARN_UNUSED_FUNCTION = YES;
				GCC_WARN_UNUSED_VARIABLE = YES;
				IPHONEOS_DEPLOYMENT_TARGET = 10.3;
				MTL_ENABLE_DEBUG_INFO = NO;
				SDKROOT = iphoneos;
				SWIFT_OPTIMIZATION_LEVEL = "-Owholemodule";
				TARGETED_DEVICE_FAMILY = "1,2";
				VALIDATE_PRODUCT = YES;
			};
			name = Release;
		};
		E838FC971EFE42C6007097E4 /* Debug */ = {
			isa = XCBuildConfiguration;
			buildSettings = {
				ASSETCATALOG_COMPILER_APPICON_NAME = AppIcon;
				DEVELOPMENT_TEAM = 9P84J3MM66;
				INFOPLIST_FILE = Photofame/Info.plist;
				IPHONEOS_DEPLOYMENT_TARGET = 10.0;
				LD_RUNPATH_SEARCH_PATHS = "$(inherited) @executable_path/Frameworks";
				PRODUCT_BUNDLE_IDENTIFIER = com.appitventures.Photofame;
				PRODUCT_NAME = "$(TARGET_NAME)";
				SWIFT_VERSION = 3.0;
			};
			name = Debug;
		};
		E838FC981EFE42C6007097E4 /* Release */ = {
			isa = XCBuildConfiguration;
			buildSettings = {
				ASSETCATALOG_COMPILER_APPICON_NAME = AppIcon;
				DEVELOPMENT_TEAM = 9P84J3MM66;
				INFOPLIST_FILE = Photofame/Info.plist;
				IPHONEOS_DEPLOYMENT_TARGET = 10.0;
				LD_RUNPATH_SEARCH_PATHS = "$(inherited) @executable_path/Frameworks";
				PRODUCT_BUNDLE_IDENTIFIER = com.appitventures.Photofame;
				PRODUCT_NAME = "$(TARGET_NAME)";
				SWIFT_VERSION = 3.0;
			};
			name = Release;
		};
		E838FC9A1EFE42C6007097E4 /* Debug */ = {
			isa = XCBuildConfiguration;
			buildSettings = {
				ALWAYS_EMBED_SWIFT_STANDARD_LIBRARIES = YES;
				BUNDLE_LOADER = "$(TEST_HOST)";
				DEVELOPMENT_TEAM = 9P84J3MM66;
				INFOPLIST_FILE = PhotofameTests/Info.plist;
				LD_RUNPATH_SEARCH_PATHS = "$(inherited) @executable_path/Frameworks @loader_path/Frameworks";
				PRODUCT_BUNDLE_IDENTIFIER = com.appitventures.PhotofameTests;
				PRODUCT_NAME = "$(TARGET_NAME)";
				SWIFT_VERSION = 3.0;
				TEST_HOST = "$(BUILT_PRODUCTS_DIR)/Photofame.app/Photofame";
			};
			name = Debug;
		};
		E838FC9B1EFE42C6007097E4 /* Release */ = {
			isa = XCBuildConfiguration;
			buildSettings = {
				ALWAYS_EMBED_SWIFT_STANDARD_LIBRARIES = YES;
				BUNDLE_LOADER = "$(TEST_HOST)";
				DEVELOPMENT_TEAM = 9P84J3MM66;
				INFOPLIST_FILE = PhotofameTests/Info.plist;
				LD_RUNPATH_SEARCH_PATHS = "$(inherited) @executable_path/Frameworks @loader_path/Frameworks";
				PRODUCT_BUNDLE_IDENTIFIER = com.appitventures.PhotofameTests;
				PRODUCT_NAME = "$(TARGET_NAME)";
				SWIFT_VERSION = 3.0;
				TEST_HOST = "$(BUILT_PRODUCTS_DIR)/Photofame.app/Photofame";
			};
			name = Release;
		};
		E838FC9D1EFE42C6007097E4 /* Debug */ = {
			isa = XCBuildConfiguration;
			buildSettings = {
				ALWAYS_EMBED_SWIFT_STANDARD_LIBRARIES = YES;
				DEVELOPMENT_TEAM = 9P84J3MM66;
				INFOPLIST_FILE = PhotofameUITests/Info.plist;
				LD_RUNPATH_SEARCH_PATHS = "$(inherited) @executable_path/Frameworks @loader_path/Frameworks";
				PRODUCT_BUNDLE_IDENTIFIER = com.appitventures.PhotofameUITests;
				PRODUCT_NAME = "$(TARGET_NAME)";
				SWIFT_VERSION = 3.0;
				TEST_TARGET_NAME = Photofame;
			};
			name = Debug;
		};
		E838FC9E1EFE42C6007097E4 /* Release */ = {
			isa = XCBuildConfiguration;
			buildSettings = {
				ALWAYS_EMBED_SWIFT_STANDARD_LIBRARIES = YES;
				DEVELOPMENT_TEAM = 9P84J3MM66;
				INFOPLIST_FILE = PhotofameUITests/Info.plist;
				LD_RUNPATH_SEARCH_PATHS = "$(inherited) @executable_path/Frameworks @loader_path/Frameworks";
				PRODUCT_BUNDLE_IDENTIFIER = com.appitventures.PhotofameUITests;
				PRODUCT_NAME = "$(TARGET_NAME)";
				SWIFT_VERSION = 3.0;
				TEST_TARGET_NAME = Photofame;
			};
			name = Release;
		};
/* End XCBuildConfiguration section */

/* Begin XCConfigurationList section */
		E838FC691EFE42C5007097E4 /* Build configuration list for PBXProject "Photofame" */ = {
			isa = XCConfigurationList;
			buildConfigurations = (
				E838FC941EFE42C6007097E4 /* Debug */,
				E838FC951EFE42C6007097E4 /* Release */,
			);
			defaultConfigurationIsVisible = 0;
			defaultConfigurationName = Release;
		};
		E838FC961EFE42C6007097E4 /* Build configuration list for PBXNativeTarget "Photofame" */ = {
			isa = XCConfigurationList;
			buildConfigurations = (
				E838FC971EFE42C6007097E4 /* Debug */,
				E838FC981EFE42C6007097E4 /* Release */,
			);
			defaultConfigurationIsVisible = 0;
			defaultConfigurationName = Release;
		};
		E838FC991EFE42C6007097E4 /* Build configuration list for PBXNativeTarget "PhotofameTests" */ = {
			isa = XCConfigurationList;
			buildConfigurations = (
				E838FC9A1EFE42C6007097E4 /* Debug */,
				E838FC9B1EFE42C6007097E4 /* Release */,
			);
			defaultConfigurationIsVisible = 0;
			defaultConfigurationName = Release;
		};
		E838FC9C1EFE42C6007097E4 /* Build configuration list for PBXNativeTarget "PhotofameUITests" */ = {
			isa = XCConfigurationList;
			buildConfigurations = (
				E838FC9D1EFE42C6007097E4 /* Debug */,
				E838FC9E1EFE42C6007097E4 /* Release */,
			);
			defaultConfigurationIsVisible = 0;
			defaultConfigurationName = Release;
		};
/* End XCConfigurationList section */
	};
	rootObject = E838FC661EFE42C5007097E4 /* Project object */;
}
